Microsoft Visual Studio Solution File, Format Version 11.00
# Visual Studio 2008

Project("{564F858B-A390-7A93-6DAA-572F1226985C}") = "Projet Omega", "Assembly-CSharp.csproj", "{2F21B1CB-F661-3861-D924-FBC4AA0482F8}"
EndProject
Project("{564F858B-A390-7A93-6DAA-572F1226985C}") = "Projet Omega", "Assembly-CSharp-Editor.csproj", "{87F02B04-F9BB-AE24-F718-C340F1DCEDAD}"
EndProject
Global
	GlobalSection(SolutionConfigurationPlatforms) = preSolution
		Debug|Any CPU = Debug|Any CPU
		Release|Any CPU = Release|Any CPU
	EndGlobalSection
	GlobalSection(ProjectConfigurationPlatforms) = postSolution
		{2F21B1CB-F661-3861-D924-FBC4AA0482F8}.Debug|Any CPU.ActiveCfg = Debug|Any CPU
		{2F21B1CB-F661-3861-D924-FBC4AA0482F8}.Debug|Any CPU.Build.0 = Debug|Any CPU
		{2F21B1CB-F661-3861-D924-FBC4AA0482F8}.Release|Any CPU.ActiveCfg = Release|Any CPU
		{2F21B1CB-F661-3861-D924-FBC4AA0482F8}.Release|Any CPU.Build.0 = Release|Any CPU
		{87F02B04-F9BB-AE24-F718-C340F1DCEDAD}.Debug|Any CPU.ActiveCfg = Debug|Any CPU
		{87F02B04-F9BB-AE24-F718-C340F1DCEDAD}.Debug|Any CPU.Build.0 = Debug|Any CPU
		{87F02B04-F9BB-AE24-F718-C340F1DCEDAD}.Release|Any CPU.ActiveCfg = Release|Any CPU
		{87F02B04-F9BB-AE24-F718-C340F1DCEDAD}.Release|Any CPU.Build.0 = Release|Any CPU
	EndGlobalSection
	GlobalSection(SolutionProperties) = preSolution
		HideSolutionNode = FALSE
	EndGlobalSection
																									GlobalSection(MonoDevelopProperties) = preSolution
		StartupItem = Assembly-CSharp.csproj
		Policies = $0
		$0.TextStylePolicy = $1
		$1.inheritsSet = null
		$1.scope = text/x-csharp
		$0.CSharpFormattingPolicy = $2
		$2.inheritsSet = Mono
		$2.inheritsScope = text/x-csharp
		$2.scope = text/x-csharp
		$0.TextStylePolicy = $3
		$3.FileWidth = 120
		$3.TabWidth = 4
		$3.IndentWidth = 4
		$3.EolMarker = Unix
		$3.inheritsSet = Mono
		$3.inheritsScope = text/plain
		$3.scope = text/plain
	EndGlobalSection

EndGlobal
